
Microsoft Visual Studio Solution File, Format Version 12.00
# Visual Studio Version 17
VisualStudioVersion = 17.9.34616.47
MinimumVisualStudioVersion = 10.0.40219.1
Project("{9A19103F-16F7-4668-BE54-9A1E7A4F7556}") = "CleanMovie.Domain", "CleanMovie.Domain\CleanMovie.Domain.csproj", "{D4A479FD-1468-4ADD-AA3D-875E98CE6DFD}"
EndProject
Project("{9A19103F-16F7-4668-BE54-9A1E7A4F7556}") = "CleanMovie.Application", "CleanMovie.Application\CleanMovie.Application.csproj", "{9C814E61-261C-4E43-852E-E44FF096B831}"
EndProject
Project("{9A19103F-16F7-4668-BE54-9A1E7A4F7556}") = "CleanMovie.Infrastructure", "..\CleanMovie.Infrastructure\CleanMovie.Infrastructure.csproj", "{19D170A5-428D-49C8-9869-3664794D5E97}"
EndProject
Project("{FAE04EC0-301F-11D3-BF4B-00C04F79EFBC}") = "CleanMovie.API", "..\CleanMovie.API'\CleanMovie.API.csproj", "{51FA875D-A453-482C-A6CF-5469E90507A3}"
EndProject
Global
	GlobalSection(SolutionConfigurationPlatforms) = preSolution
		Debug|Any CPU = Debug|Any CPU
		Release|Any CPU = Release|Any CPU
	EndGlobalSection
	GlobalSection(ProjectConfigurationPlatforms) = postSolution
		{D4A479FD-1468-4ADD-AA3D-875E98CE6DFD}.Debug|Any CPU.ActiveCfg = Debug|Any CPU
		{D4A479FD-1468-4ADD-AA3D-875E98CE6DFD}.Debug|Any CPU.Build.0 = Debug|Any CPU
		{D4A479FD-1468-4ADD-AA3D-875E98CE6DFD}.Release|Any CPU.ActiveCfg = Release|Any CPU
		{D4A479FD-1468-4ADD-AA3D-875E98CE6DFD}.Release|Any CPU.Build.0 = Release|Any CPU
		{9C814E61-261C-4E43-852E-E44FF096B831}.Debug|Any CPU.ActiveCfg = Debug|Any CPU
		{9C814E61-261C-4E43-852E-E44FF096B831}.Debug|Any CPU.Build.0 = Debug|Any CPU
		{9C814E61-261C-4E43-852E-E44FF096B831}.Release|Any CPU.ActiveCfg = Release|Any CPU
		{9C814E61-261C-4E43-852E-E44FF096B831}.Release|Any CPU.Build.0 = Release|Any CPU
		{19D170A5-428D-49C8-9869-3664794D5E97}.Debug|Any CPU.ActiveCfg = Debug|Any CPU
		{19D170A5-428D-49C8-9869-3664794D5E97}.Debug|Any CPU.Build.0 = Debug|Any CPU
		{19D170A5-428D-49C8-9869-3664794D5E97}.Release|Any CPU.ActiveCfg = Release|Any CPU
		{19D170A5-428D-49C8-9869-3664794D5E97}.Release|Any CPU.Build.0 = Release|Any CPU
		{51FA875D-A453-482C-A6CF-5469E90507A3}.Debug|Any CPU.ActiveCfg = Debug|Any CPU
		{51FA875D-A453-482C-A6CF-5469E90507A3}.Debug|Any CPU.Build.0 = Debug|Any CPU
		{51FA875D-A453-482C-A6CF-5469E90507A3}.Release|Any CPU.ActiveCfg = Release|Any CPU
		{51FA875D-A453-482C-A6CF-5469E90507A3}.Release|Any CPU.Build.0 = Release|Any CPU
	EndGlobalSection
	GlobalSection(SolutionProperties) = preSolution
		HideSolutionNode = FALSE
	EndGlobalSection
	GlobalSection(ExtensibilityGlobals) = postSolution
		SolutionGuid = {99E8DBC9-5FCE-45D0-AB1F-B821C3BA95BF}
	EndGlobalSection
EndGlobal
